
Microsoft Visual Studio Solution File, Format Version 11.00
# Visual Studio 2010
Project("{2150E333-8FDC-42A3-9474-1A3956D46DE8}") = "include", "include", "{E3991B59-9DB7-4949-BBC1-9642C1320E5C}"
	ProjectSection(SolutionItems) = preProject
		include\Base64Helper.h = include\Base64Helper.h
		include\Bridge.h = include\Bridge.h
		include\Common.h = include\Common.h
		include\Log.h = include\Log.h
	EndProjectSection
EndProject
Project("{2150E333-8FDC-42A3-9474-1A3956D46DE8}") = "docs", "docs", "{084BFDF3-96E3-4CEC-9AE7-E0093D98AB70}"
	ProjectSection(SolutionItems) = preProject
		Changelog.txt = Changelog.txt
	EndProjectSection
EndProject
Project("{2150E333-8FDC-42A3-9474-1A3956D46DE8}") = "Bridges", "Bridges", "{34884C23-4547-4DE7-92CB-9E78A30F6323}"
EndProject
Project("{8BC9CEB8-8B4A-11D0-8D11-00A0C91BC942}") = "FileSystemBridge", "FileSystemBridge\FileSystemBridge_vc10.vcxproj", "{DF7E7E00-FD2A-4EE4-B8B0-ACA2C66C31AC}"
EndProject
Project("{8BC9CEB8-8B4A-11D0-8D11-00A0C91BC942}") = "UdpBridge", "UdpBridge\UdpBridge_vc10.vcxproj", "{497BFFB5-45CE-4355-8B31-88FE49C90592}"
EndProject
Project("{8BC9CEB8-8B4A-11D0-8D11-00A0C91BC942}") = "VideoBridge", "VideoBridge\VideoBridge_vc10.vcxproj", "{FFC519BE-E201-49A5-9FF2-8C9A2AF75F5C}"
EndProject
Project("{8BC9CEB8-8B4A-11D0-8D11-00A0C91BC942}") = "LanBridge", "LanBridge\LanBridge vc10.vcxproj", "{C8B0EF30-A543-4B89-A4DC-0F34A7A2E182}"
	ProjectSection(ProjectDependencies) = postProject
		{4586B20A-4BB3-48C5-911B-0A56859AE07A} = {4586B20A-4BB3-48C5-911B-0A56859AE07A}
	EndProjectSection
EndProject
Project("{8BC9CEB8-8B4A-11D0-8D11-00A0C91BC942}") = "MemoryBridge", "MemoryBridge\MemoryBridge vc10.vcxproj", "{4B405843-F070-44B1-AA7D-244B2EF5128A}"
EndProject
Project("{8BC9CEB8-8B4A-11D0-8D11-00A0C91BC942}") = "TcpBridge", "TcpBridge\TcpBridge vc10.vcxproj", "{4586B20A-4BB3-48C5-911B-0A56859AE07A}"
EndProject
Global
	GlobalSection(SolutionConfigurationPlatforms) = preSolution
		Debug|Win32 = Debug|Win32
		Debug|x64 = Debug|x64
		Release|Win32 = Release|Win32
		Release|x64 = Release|x64
	EndGlobalSection
	GlobalSection(ProjectConfigurationPlatforms) = postSolution
		{DF7E7E00-FD2A-4EE4-B8B0-ACA2C66C31AC}.Debug|Win32.ActiveCfg = Debug|Win32
		{DF7E7E00-FD2A-4EE4-B8B0-ACA2C66C31AC}.Debug|Win32.Build.0 = Debug|Win32
		{DF7E7E00-FD2A-4EE4-B8B0-ACA2C66C31AC}.Debug|x64.ActiveCfg = Debug|Win32
		{DF7E7E00-FD2A-4EE4-B8B0-ACA2C66C31AC}.Release|Win32.ActiveCfg = Release|Win32
		{DF7E7E00-FD2A-4EE4-B8B0-ACA2C66C31AC}.Release|Win32.Build.0 = Release|Win32
		{DF7E7E00-FD2A-4EE4-B8B0-ACA2C66C31AC}.Release|x64.ActiveCfg = Release|Win32
		{497BFFB5-45CE-4355-8B31-88FE49C90592}.Debug|Win32.ActiveCfg = Debug|Win32
		{497BFFB5-45CE-4355-8B31-88FE49C90592}.Debug|Win32.Build.0 = Debug|Win32
		{497BFFB5-45CE-4355-8B31-88FE49C90592}.Debug|x64.ActiveCfg = Debug|Win32
		{497BFFB5-45CE-4355-8B31-88FE49C90592}.Release|Win32.ActiveCfg = Release|Win32
		{497BFFB5-45CE-4355-8B31-88FE49C90592}.Release|Win32.Build.0 = Release|Win32
		{497BFFB5-45CE-4355-8B31-88FE49C90592}.Release|x64.ActiveCfg = Release|Win32
		{FFC519BE-E201-49A5-9FF2-8C9A2AF75F5C}.Debug|Win32.ActiveCfg = Debug|Win32
		{FFC519BE-E201-49A5-9FF2-8C9A2AF75F5C}.Debug|Win32.Build.0 = Debug|Win32
		{FFC519BE-E201-49A5-9FF2-8C9A2AF75F5C}.Debug|x64.ActiveCfg = Debug|Win32
		{FFC519BE-E201-49A5-9FF2-8C9A2AF75F5C}.Release|Win32.ActiveCfg = Release|Win32
		{FFC519BE-E201-49A5-9FF2-8C9A2AF75F5C}.Release|Win32.Build.0 = Release|Win32
		{FFC519BE-E201-49A5-9FF2-8C9A2AF75F5C}.Release|x64.ActiveCfg = Release|Win32
		{C8B0EF30-A543-4B89-A4DC-0F34A7A2E182}.Debug|Win32.ActiveCfg = Debug|Win32
		{C8B0EF30-A543-4B89-A4DC-0F34A7A2E182}.Debug|Win32.Build.0 = Debug|Win32
		{C8B0EF30-A543-4B89-A4DC-0F34A7A2E182}.Debug|x64.ActiveCfg = Debug|Win32
		{C8B0EF30-A543-4B89-A4DC-0F34A7A2E182}.Release|Win32.ActiveCfg = Release|Win32
		{C8B0EF30-A543-4B89-A4DC-0F34A7A2E182}.Release|Win32.Build.0 = Release|Win32
		{C8B0EF30-A543-4B89-A4DC-0F34A7A2E182}.Release|x64.ActiveCfg = Release|Win32
		{4B405843-F070-44B1-AA7D-244B2EF5128A}.Debug|Win32.ActiveCfg = Debug|Win32
		{4B405843-F070-44B1-AA7D-244B2EF5128A}.Debug|Win32.Build.0 = Debug|Win32
		{4B405843-F070-44B1-AA7D-244B2EF5128A}.Debug|x64.ActiveCfg = Debug|Win32
		{4B405843-F070-44B1-AA7D-244B2EF5128A}.Release|Win32.ActiveCfg = Release|Win32
		{4B405843-F070-44B1-AA7D-244B2EF5128A}.Release|Win32.Build.0 = Release|Win32
		{4B405843-F070-44B1-AA7D-244B2EF5128A}.Release|x64.ActiveCfg = Release|Win32
		{4586B20A-4BB3-48C5-911B-0A56859AE07A}.Debug|Win32.ActiveCfg = Debug|Win32
		{4586B20A-4BB3-48C5-911B-0A56859AE07A}.Debug|Win32.Build.0 = Debug|Win32
		{4586B20A-4BB3-48C5-911B-0A56859AE07A}.Debug|x64.ActiveCfg = Debug|x64
		{4586B20A-4BB3-48C5-911B-0A56859AE07A}.Debug|x64.Build.0 = Debug|x64
		{4586B20A-4BB3-48C5-911B-0A56859AE07A}.Release|Win32.ActiveCfg = Release|Win32
		{4586B20A-4BB3-48C5-911B-0A56859AE07A}.Release|Win32.Build.0 = Release|Win32
		{4586B20A-4BB3-48C5-911B-0A56859AE07A}.Release|x64.ActiveCfg = Release|x64
		{4586B20A-4BB3-48C5-911B-0A56859AE07A}.Release|x64.Build.0 = Release|x64
	EndGlobalSection
	GlobalSection(SolutionProperties) = preSolution
		HideSolutionNode = FALSE
	EndGlobalSection
	GlobalSection(NestedProjects) = preSolution
		{DF7E7E00-FD2A-4EE4-B8B0-ACA2C66C31AC} = {34884C23-4547-4DE7-92CB-9E78A30F6323}
		{497BFFB5-45CE-4355-8B31-88FE49C90592} = {34884C23-4547-4DE7-92CB-9E78A30F6323}
		{FFC519BE-E201-49A5-9FF2-8C9A2AF75F5C} = {34884C23-4547-4DE7-92CB-9E78A30F6323}
		{4B405843-F070-44B1-AA7D-244B2EF5128A} = {34884C23-4547-4DE7-92CB-9E78A30F6323}
		{4586B20A-4BB3-48C5-911B-0A56859AE07A} = {34884C23-4547-4DE7-92CB-9E78A30F6323}
	EndGlobalSection
EndGlobal
